
Microsoft Visual Studio Solution File, Format Version 12.00
# Visual Studio Version 17
VisualStudioVersion = 17.9.34728.123
MinimumVisualStudioVersion = 10.0.40219.1
Project("{FAE04EC0-301F-11D3-BF4B-00C04F79EFBC}") = "Web_practic_auctions", "Web_practic_auctions\Web_practic_auctions.csproj", "{D3D2CA54-93A5-4332-BB33-8ECA06CC301E}"
EndProject
Global
	GlobalSection(SolutionConfigurationPlatforms) = preSolution
		Debug|Any CPU = Debug|Any CPU
		Release|Any CPU = Release|Any CPU
	EndGlobalSection
	GlobalSection(ProjectConfigurationPlatforms) = postSolution
		{D3D2CA54-93A5-4332-BB33-8ECA06CC301E}.Debug|Any CPU.ActiveCfg = Debug|Any CPU
		{D3D2CA54-93A5-4332-BB33-8ECA06CC301E}.Debug|Any CPU.Build.0 = Debug|Any CPU
		{D3D2CA54-93A5-4332-BB33-8ECA06CC301E}.Release|Any CPU.ActiveCfg = Release|Any CPU
		{D3D2CA54-93A5-4332-BB33-8ECA06CC301E}.Release|Any CPU.Build.0 = Release|Any CPU
	EndGlobalSection
	GlobalSection(SolutionProperties) = preSolution
		HideSolutionNode = FALSE
	EndGlobalSection
	GlobalSection(ExtensibilityGlobals) = postSolution
		SolutionGuid = {0570B2D5-DDA8-4B04-A08A-EF1ED21E336A}
	EndGlobalSection
EndGlobal
