
Microsoft Visual Studio Solution File, Format Version 12.00
# Visual Studio Version 17
VisualStudioVersion = 17.9.34728.123
MinimumVisualStudioVersion = 10.0.40219.1
Project("{FAE04EC0-301F-11D3-BF4B-00C04F79EFBC}") = "Web_practic_orders", "Web_practic_orders\Web_practic_orders.csproj", "{7593A622-DCE3-428A-BD38-DD2546E720CB}"
EndProject
Global
	GlobalSection(SolutionConfigurationPlatforms) = preSolution
		Debug|Any CPU = Debug|Any CPU
		Release|Any CPU = Release|Any CPU
	EndGlobalSection
	GlobalSection(ProjectConfigurationPlatforms) = postSolution
		{7593A622-DCE3-428A-BD38-DD2546E720CB}.Debug|Any CPU.ActiveCfg = Debug|Any CPU
		{7593A622-DCE3-428A-BD38-DD2546E720CB}.Debug|Any CPU.Build.0 = Debug|Any CPU
		{7593A622-DCE3-428A-BD38-DD2546E720CB}.Release|Any CPU.ActiveCfg = Release|Any CPU
		{7593A622-DCE3-428A-BD38-DD2546E720CB}.Release|Any CPU.Build.0 = Release|Any CPU
	EndGlobalSection
	GlobalSection(SolutionProperties) = preSolution
		HideSolutionNode = FALSE
	EndGlobalSection
	GlobalSection(ExtensibilityGlobals) = postSolution
		SolutionGuid = {A062A90E-AC2F-473A-8B98-B81A87EECEF2}
	EndGlobalSection
EndGlobal
